// !$*UTF8*$!
{
	archiveVersion = 1;
	classes = {
	};
	objectVersion = 56;
	objects = {

/* Begin PBXBuildFile section */
		252D4CAC2BCF99ED002E0863 /* AppDelegate.swift in Sources */ = {isa = PBXBuildFile; fileRef = 252D4CAB2BCF99ED002E0863 /* AppDelegate.swift */; };
		252D4CAE2BCF99ED002E0863 /* SceneDelegate.swift in Sources */ = {isa = PBXBuildFile; fileRef = 252D4CAD2BCF99ED002E0863 /* SceneDelegate.swift */; };
		252D4CB02BCF99ED002E0863 /* ViewController.swift in Sources */ = {isa = PBXBuildFile; fileRef = 252D4CAF2BCF99ED002E0863 /* ViewController.swift */; };
		252D4CB32BCF99ED002E0863 /* Main.storyboard in Resources */ = {isa = PBXBuildFile; fileRef = 252D4CB12BCF99ED002E0863 /* Main.storyboard */; };
		252D4CB62BCF99ED002E0863 /* EmployeeDatabase.xcdatamodeld in Sources */ = {isa = PBXBuildFile; fileRef = 252D4CB42BCF99ED002E0863 /* EmployeeDatabase.xcdatamodeld */; };
		252D4CB82BCF99EF002E0863 /* Assets.xcassets in Resources */ = {isa = PBXBuildFile; fileRef = 252D4CB72BCF99EF002E0863 /* Assets.xcassets */; };
		252D4CBB2BCF99EF002E0863 /* LaunchScreen.storyboard in Resources */ = {isa = PBXBuildFile; fileRef = 252D4CB92BCF99EF002E0863 /* LaunchScreen.storyboard */; };
		254E2D292BCF9F7F00EE858E /* DBLayer.swift in Sources */ = {isa = PBXBuildFile; fileRef = 254E2D282BCF9F7F00EE858E /* DBLayer.swift */; };
		25579D4B2BCFA48500214BB6 /* IbInspectables.swift in Sources */ = {isa = PBXBuildFile; fileRef = 25579D4A2BCFA48500214BB6 /* IbInspectables.swift */; };
		25579D4D2BCFA96F00214BB6 /* EmployeesDataViewController.swift in Sources */ = {isa = PBXBuildFile; fileRef = 25579D4C2BCFA96F00214BB6 /* EmployeesDataViewController.swift */; };
		25579D4F2BCFA9CF00214BB6 /* FullDetailsOfEmployeeViewController.swift in Sources */ = {isa = PBXBuildFile; fileRef = 25579D4E2BCFA9CF00214BB6 /* FullDetailsOfEmployeeViewController.swift */; };
		25579D522BCFAE0B00214BB6 /* NamesTableCell.swift in Sources */ = {isa = PBXBuildFile; fileRef = 25579D502BCFAE0B00214BB6 /* NamesTableCell.swift */; };
		25579D532BCFAE0B00214BB6 /* NamesTableCell.xib in Resources */ = {isa = PBXBuildFile; fileRef = 25579D512BCFAE0B00214BB6 /* NamesTableCell.xib */; };
		257A3A4C2BCFD8BE006257DE /* Employee+CoreDataClass.swift in Sources */ = {isa = PBXBuildFile; fileRef = 257A3A4A2BCFD8BE006257DE /* Employee+CoreDataClass.swift */; };
		257A3A4D2BCFD8BE006257DE /* Employee+CoreDataProperties.swift in Sources */ = {isa = PBXBuildFile; fileRef = 257A3A4B2BCFD8BE006257DE /* Employee+CoreDataProperties.swift */; };
		257A3A4F2BCFF7B3006257DE /* EmployeesDataViewController + TableView.swift in Sources */ = {isa = PBXBuildFile; fileRef = 257A3A4E2BCFF7B3006257DE /* EmployeesDataViewController + TableView.swift */; };
/* End PBXBuildFile section */

/* Begin PBXFileReference section */
		252D4CA82BCF99ED002E0863 /* EmployeeDatabase.app */ = {isa = PBXFileReference; explicitFileType = wrapper.application; includeInIndex = 0; path = EmployeeDatabase.app; sourceTree = BUILT_PRODUCTS_DIR; };
		252D4CAB2BCF99ED002E0863 /* AppDelegate.swift */ = {isa = PBXFileReference; lastKnownFileType = sourcecode.swift; path = AppDelegate.swift; sourceTree = "<group>"; };
		252D4CAD2BCF99ED002E0863 /* SceneDelegate.swift */ = {isa = PBXFileReference; lastKnownFileType = sourcecode.swift; path = SceneDelegate.swift; sourceTree = "<group>"; };
		252D4CAF2BCF99ED002E0863 /* ViewController.swift */ = {isa = PBXFileReference; lastKnownFileType = sourcecode.swift; path = ViewController.swift; sourceTree = "<group>"; };
		252D4CB22BCF99ED002E0863 /* Base */ = {isa = PBXFileReference; lastKnownFileType = file.storyboard; name = Base; path = Base.lproj/Main.storyboard; sourceTree = "<group>"; };
		252D4CB52BCF99ED002E0863 /* EmployeeDatabase.xcdatamodel */ = {isa = PBXFileReference; lastKnownFileType = wrapper.xcdatamodel; path = EmployeeDatabase.xcdatamodel; sourceTree = "<group>"; };
		252D4CB72BCF99EF002E0863 /* Assets.xcassets */ = {isa = PBXFileReference; lastKnownFileType = folder.assetcatalog; path = Assets.xcassets; sourceTree = "<group>"; };
		252D4CBA2BCF99EF002E0863 /* Base */ = {isa = PBXFileReference; lastKnownFileType = file.storyboard; name = Base; path = Base.lproj/LaunchScreen.storyboard; sourceTree = "<group>"; };
		252D4CBC2BCF99EF002E0863 /* Info.plist */ = {isa = PBXFileReference; lastKnownFileType = text.plist.xml; path = Info.plist; sourceTree = "<group>"; };
		254E2D282BCF9F7F00EE858E /* DBLayer.swift */ = {isa = PBXFileReference; lastKnownFileType = sourcecode.swift; path = DBLayer.swift; sourceTree = "<group>"; };
		25579D4A2BCFA48500214BB6 /* IbInspectables.swift */ = {isa = PBXFileReference; lastKnownFileType = sourcecode.swift; path = IbInspectables.swift; sourceTree = "<group>"; };
		25579D4C2BCFA96F00214BB6 /* EmployeesDataViewController.swift */ = {isa = PBXFileReference; lastKnownFileType = sourcecode.swift; path = EmployeesDataViewController.swift; sourceTree = "<group>"; };
		25579D4E2BCFA9CF00214BB6 /* FullDetailsOfEmployeeViewController.swift */ = {isa = PBXFileReference; lastKnownFileType = sourcecode.swift; path = FullDetailsOfEmployeeViewController.swift; sourceTree = "<group>"; };
		25579D502BCFAE0B00214BB6 /* NamesTableCell.swift */ = {isa = PBXFileReference; lastKnownFileType = sourcecode.swift; path = NamesTableCell.swift; sourceTree = "<group>"; };
		25579D512BCFAE0B00214BB6 /* NamesTableCell.xib */ = {isa = PBXFileReference; lastKnownFileType = file.xib; path = NamesTableCell.xib; sourceTree = "<group>"; };
		257A3A4A2BCFD8BE006257DE /* Employee+CoreDataClass.swift */ = {isa = PBXFileReference; lastKnownFileType = sourcecode.swift; path = "Employee+CoreDataClass.swift"; sourceTree = "<group>"; };
		257A3A4B2BCFD8BE006257DE /* Employee+CoreDataProperties.swift */ = {isa = PBXFileReference; lastKnownFileType = sourcecode.swift; path = "Employee+CoreDataProperties.swift"; sourceTree = "<group>"; };
		257A3A4E2BCFF7B3006257DE /* EmployeesDataViewController + TableView.swift */ = {isa = PBXFileReference; lastKnownFileType = sourcecode.swift; path = "EmployeesDataViewController + TableView.swift"; sourceTree = "<group>"; };
/* End PBXFileReference section */

/* Begin PBXFrameworksBuildPhase section */
		252D4CA52BCF99ED002E0863 /* Frameworks */ = {
			isa = PBXFrameworksBuildPhase;
			buildActionMask = 2147483647;
			files = (
			);
			runOnlyForDeploymentPostprocessing = 0;
		};
/* End PBXFrameworksBuildPhase section */

/* Begin PBXGroup section */
		252D4C9F2BCF99ED002E0863 = {
			isa = PBXGroup;
			children = (
				252D4CAA2BCF99ED002E0863 /* EmployeeDatabase */,
				252D4CA92BCF99ED002E0863 /* Products */,
			);
			sourceTree = "<group>";
		};
		252D4CA92BCF99ED002E0863 /* Products */ = {
			isa = PBXGroup;
			children = (
				252D4CA82BCF99ED002E0863 /* EmployeeDatabase.app */,
			);
			name = Products;
			sourceTree = "<group>";
		};
		252D4CAA2BCF99ED002E0863 /* EmployeeDatabase */ = {
			isa = PBXGroup;
			children = (
				5D6635152DD9965300C96C85 /* Delegates */,
				257A3A512BCFF821006257DE /* Model */,
				257A3A502BCFF80E006257DE /* Views */,
				257A3A522BCFF870006257DE /* Controller */,
				5D6635142DD9963B00C96C85 /* Resources */,
				252D4CBC2BCF99EF002E0863 /* Info.plist */,
				252D4CB42BCF99ED002E0863 /* EmployeeDatabase.xcdatamodeld */,
			);
			path = EmployeeDatabase;
			sourceTree = "<group>";
		};
		257A3A502BCFF80E006257DE /* Views */ = {
			isa = PBXGroup;
			children = (
				252D4CB92BCF99EF002E0863 /* LaunchScreen.storyboard */,
				252D4CB12BCF99ED002E0863 /* Main.storyboard */,
			);
			path = Views;
			sourceTree = "<group>";
		};
		257A3A512BCFF821006257DE /* Model */ = {
			isa = PBXGroup;
			children = (
				257A3A4A2BCFD8BE006257DE /* Employee+CoreDataClass.swift */,
				257A3A4B2BCFD8BE006257DE /* Employee+CoreDataProperties.swift */,
				254E2D282BCF9F7F00EE858E /* DBLayer.swift */,
			);
			path = Model;
			sourceTree = "<group>";
		};
		257A3A522BCFF870006257DE /* Controller */ = {
			isa = PBXGroup;
			children = (
				252D4CAF2BCF99ED002E0863 /* ViewController.swift */,
				5D6635122DD995F200C96C85 /* EmployeeList */,
				5D6635132DD995FC00C96C85 /* EmployeeDetails */,
				257A3A532BCFF87C006257DE /* TableViewCell */,
			);
			path = Controller;
			sourceTree = "<group>";
		};
		257A3A532BCFF87C006257DE /* TableViewCell */ = {
			isa = PBXGroup;
			children = (
				25579D502BCFAE0B00214BB6 /* NamesTableCell.swift */,
				25579D512BCFAE0B00214BB6 /* NamesTableCell.xib */,
			);
			path = TableViewCell;
			sourceTree = "<group>";
		};
		5D6635122DD995F200C96C85 /* EmployeeList */ = {
			isa = PBXGroup;
			children = (
				25579D4C2BCFA96F00214BB6 /* EmployeesDataViewController.swift */,
				257A3A4E2BCFF7B3006257DE /* EmployeesDataViewController + TableView.swift */,
			);
			path = EmployeeList;
			sourceTree = "<group>";
		};
		5D6635132DD995FC00C96C85 /* EmployeeDetails */ = {
			isa = PBXGroup;
			children = (
				25579D4E2BCFA9CF00214BB6 /* FullDetailsOfEmployeeViewController.swift */,
			);
			path = EmployeeDetails;
			sourceTree = "<group>";
		};
		5D6635142DD9963B00C96C85 /* Resources */ = {
			isa = PBXGroup;
			children = (
				25579D4A2BCFA48500214BB6 /* IbInspectables.swift */,
				252D4CB72BCF99EF002E0863 /* Assets.xcassets */,
			);
			path = Resources;
			sourceTree = "<group>";
		};
		5D6635152DD9965300C96C85 /* Delegates */ = {
			isa = PBXGroup;
			children = (
				252D4CAB2BCF99ED002E0863 /* AppDelegate.swift */,
				252D4CAD2BCF99ED002E0863 /* SceneDelegate.swift */,
			);
			path = Delegates;
			sourceTree = "<group>";
		};
/* End PBXGroup section */

/* Begin PBXNativeTarget section */
		252D4CA72BCF99ED002E0863 /* EmployeeDatabase */ = {
			isa = PBXNativeTarget;
			buildConfigurationList = 252D4CBF2BCF99EF002E0863 /* Build configuration list for PBXNativeTarget "EmployeeDatabase" */;
			buildPhases = (
				252D4CA42BCF99ED002E0863 /* Sources */,
				252D4CA52BCF99ED002E0863 /* Frameworks */,
				252D4CA62BCF99ED002E0863 /* Resources */,
			);
			buildRules = (
			);
			dependencies = (
			);
			name = EmployeeDatabase;
			productName = EmployeeDatabase;
			productReference = 252D4CA82BCF99ED002E0863 /* EmployeeDatabase.app */;
			productType = "com.apple.product-type.application";
		};
/* End PBXNativeTarget section */

/* Begin PBXProject section */
		252D4CA02BCF99ED002E0863 /* Project object */ = {
			isa = PBXProject;
			attributes = {
				BuildIndependentTargetsInParallel = 1;
				LastSwiftUpdateCheck = 1520;
				LastUpgradeCheck = 1520;
				TargetAttributes = {
					252D4CA72BCF99ED002E0863 = {
						CreatedOnToolsVersion = 15.2;
					};
				};
			};
			buildConfigurationList = 252D4CA32BCF99ED002E0863 /* Build configuration list for PBXProject "EmployeeDatabase" */;
			compatibilityVersion = "Xcode 14.0";
			developmentRegion = en;
			hasScannedForEncodings = 0;
			knownRegions = (
				en,
				Base,
			);
			mainGroup = 252D4C9F2BCF99ED002E0863;
			productRefGroup = 252D4CA92BCF99ED002E0863 /* Products */;
			projectDirPath = "";
			projectRoot = "";
			targets = (
				252D4CA72BCF99ED002E0863 /* EmployeeDatabase */,
			);
		};
/* End PBXProject section */

/* Begin PBXResourcesBuildPhase section */
		252D4CA62BCF99ED002E0863 /* Resources */ = {
			isa = PBXResourcesBuildPhase;
			buildActionMask = 2147483647;
			files = (
				252D4CBB2BCF99EF002E0863 /* LaunchScreen.storyboard in Resources */,
				252D4CB82BCF99EF002E0863 /* Assets.xcassets in Resources */,
				252D4CB32BCF99ED002E0863 /* Main.storyboard in Resources */,
				25579D532BCFAE0B00214BB6 /* NamesTableCell.xib in Resources */,
			);
			runOnlyForDeploymentPostprocessing = 0;
		};
/* End PBXResourcesBuildPhase section */

/* Begin PBXSourcesBuildPhase section */
		252D4CA42BCF99ED002E0863 /* Sources */ = {
			isa = PBXSourcesBuildPhase;
			buildActionMask = 2147483647;
			files = (
				252D4CB02BCF99ED002E0863 /* ViewController.swift in Sources */,
				25579D4D2BCFA96F00214BB6 /* EmployeesDataViewController.swift in Sources */,
				254E2D292BCF9F7F00EE858E /* DBLayer.swift in Sources */,
				257A3A4C2BCFD8BE006257DE /* Employee+CoreDataClass.swift in Sources */,
				257A3A4D2BCFD8BE006257DE /* Employee+CoreDataProperties.swift in Sources */,
				252D4CAC2BCF99ED002E0863 /* AppDelegate.swift in Sources */,
				252D4CB62BCF99ED002E0863 /* EmployeeDatabase.xcdatamodeld in Sources */,
				25579D522BCFAE0B00214BB6 /* NamesTableCell.swift in Sources */,
				252D4CAE2BCF99ED002E0863 /* SceneDelegate.swift in Sources */,
				25579D4B2BCFA48500214BB6 /* IbInspectables.swift in Sources */,
				257A3A4F2BCFF7B3006257DE /* EmployeesDataViewController + TableView.swift in Sources */,
				25579D4F2BCFA9CF00214BB6 /* FullDetailsOfEmployeeViewController.swift in Sources */,
			);
			runOnlyForDeploymentPostprocessing = 0;
		};
/* End PBXSourcesBuildPhase section */

/* Begin PBXVariantGroup section */
		252D4CB12BCF99ED002E0863 /* Main.storyboard */ = {
			isa = PBXVariantGroup;
			children = (
				252D4CB22BCF99ED002E0863 /* Base */,
			);
			name = Main.storyboard;
			sourceTree = "<group>";
		};
		252D4CB92BCF99EF002E0863 /* LaunchScreen.storyboard */ = {
			isa = PBXVariantGroup;
			children = (
				252D4CBA2BCF99EF002E0863 /* Base */,
			);
			name = LaunchScreen.storyboard;
			sourceTree = "<group>";
		};
/* End PBXVariantGroup section */

/* Begin XCBuildConfiguration section */
		252D4CBD2BCF99EF002E0863 /* Debug */ = {
			isa = XCBuildConfiguration;
			buildSettings = {
				ALWAYS_SEARCH_USER_PATHS = NO;
				ASSETCATALOG_COMPILER_GENERATE_SWIFT_ASSET_SYMBOL_EXTENSIONS = YES;
				CLANG_ANALYZER_NONNULL = YES;
				CLANG_ANALYZER_NUMBER_OBJECT_CONVERSION = YES_AGGRESSIVE;
				CLANG_CXX_LANGUAGE_STANDARD = "gnu++20";
				CLANG_ENABLE_MODULES = YES;
				CLANG_ENABLE_OBJC_ARC = YES;
				CLANG_ENABLE_OBJC_WEAK = YES;
				CLANG_WARN_BLOCK_CAPTURE_AUTORELEASING = YES;
				CLANG_WARN_BOOL_CONVERSION = YES;
				CLANG_WARN_COMMA = YES;
				CLANG_WARN_CONSTANT_CONVERSION = YES;
				CLANG_WARN_DEPRECATED_OBJC_IMPLEMENTATIONS = YES;
				CLANG_WARN_DIRECT_OBJC_ISA_USAGE = YES_ERROR;
				CLANG_WARN_DOCUMENTATION_COMMENTS = YES;
				CLANG_WARN_EMPTY_BODY = YES;
				CLANG_WARN_ENUM_CONVERSION = YES;
				CLANG_WARN_INFINITE_RECURSION = YES;
				CLANG_WARN_INT_CONVERSION = YES;
				CLANG_WARN_NON_LITERAL_NULL_CONVERSION = YES;
				CLANG_WARN_OBJC_IMPLICIT_RETAIN_SELF = YES;
				CLANG_WARN_OBJC_LITERAL_CONVERSION = YES;
				CLANG_WARN_OBJC_ROOT_CLASS = YES_ERROR;
				CLANG_WARN_QUOTED_INCLUDE_IN_FRAMEWORK_HEADER = YES;
				CLANG_WARN_RANGE_LOOP_ANALYSIS = YES;
				CLANG_WARN_STRICT_PROTOTYPES = YES;
				CLANG_WARN_SUSPICIOUS_MOVE = YES;
				CLANG_WARN_UNGUARDED_AVAILABILITY = YES_AGGRESSIVE;
				CLANG_WARN_UNREACHABLE_CODE = YES;
				CLANG_WARN__DUPLICATE_METHOD_MATCH = YES;
				COPY_PHASE_STRIP = NO;
				DEBUG_INFORMATION_FORMAT = dwarf;
				ENABLE_STRICT_OBJC_MSGSEND = YES;
				ENABLE_TESTABILITY = YES;
				ENABLE_USER_SCRIPT_SANDBOXING = YES;
				GCC_C_LANGUAGE_STANDARD = gnu17;
				GCC_DYNAMIC_NO_PIC = NO;
				GCC_NO_COMMON_BLOCKS = YES;
				GCC_OPTIMIZATION_LEVEL = 0;
				GCC_PREPROCESSOR_DEFINITIONS = (
					"DEBUG=1",
					"$(inherited)",
				);
				GCC_WARN_64_TO_32_BIT_CONVERSION = YES;
				GCC_WARN_ABOUT_RETURN_TYPE = YES_ERROR;
				GCC_WARN_UNDECLARED_SELECTOR = YES;
				GCC_WARN_UNINITIALIZED_AUTOS = YES_AGGRESSIVE;
				GCC_WARN_UNUSED_FUNCTION = YES;
				GCC_WARN_UNUSED_VARIABLE = YES;
				IPHONEOS_DEPLOYMENT_TARGET = 17.2;
				LOCALIZATION_PREFERS_STRING_CATALOGS = YES;
				MTL_ENABLE_DEBUG_INFO = INCLUDE_SOURCE;
				MTL_FAST_MATH = YES;
				ONLY_ACTIVE_ARCH = YES;
				SDKROOT = iphoneos;
				SWIFT_ACTIVE_COMPILATION_CONDITIONS = "DEBUG $(inherited)";
				SWIFT_OPTIMIZATION_LEVEL = "-Onone";
			};
			name = Debug;
		};
		252D4CBE2BCF99EF002E0863 /* Release */ = {
			isa = XCBuildConfiguration;
			buildSettings = {
				ALWAYS_SEARCH_USER_PATHS = NO;
				ASSETCATALOG_COMPILER_GENERATE_SWIFT_ASSET_SYMBOL_EXTENSIONS = YES;
				CLANG_ANALYZER_NONNULL = YES;
				CLANG_ANALYZER_NUMBER_OBJECT_CONVERSION = YES_AGGRESSIVE;
				CLANG_CXX_LANGUAGE_STANDARD = "gnu++20";
				CLANG_ENABLE_MODULES = YES;
				CLANG_ENABLE_OBJC_ARC = YES;
				CLANG_ENABLE_OBJC_WEAK = YES;
				CLANG_WARN_BLOCK_CAPTURE_AUTORELEASING = YES;
				CLANG_WARN_BOOL_CONVERSION = YES;
				CLANG_WARN_COMMA = YES;
				CLANG_WARN_CONSTANT_CONVERSION = YES;
				CLANG_WARN_DEPRECATED_OBJC_IMPLEMENTATIONS = YES;
				CLANG_WARN_DIRECT_OBJC_ISA_USAGE = YES_ERROR;
				CLANG_WARN_DOCUMENTATION_COMMENTS = YES;
				CLANG_WARN_EMPTY_BODY = YES;
				CLANG_WARN_ENUM_CONVERSION = YES;
				CLANG_WARN_INFINITE_RECURSION = YES;
				CLANG_WARN_INT_CONVERSION = YES;
				CLANG_WARN_NON_LITERAL_NULL_CONVERSION = YES;
				CLANG_WARN_OBJC_IMPLICIT_RETAIN_SELF = YES;
				CLANG_WARN_OBJC_LITERAL_CONVERSION = YES;
				CLANG_WARN_OBJC_ROOT_CLASS = YES_ERROR;
				CLANG_WARN_QUOTED_INCLUDE_IN_FRAMEWORK_HEADER = YES;
				CLANG_WARN_RANGE_LOOP_ANALYSIS = YES;
				CLANG_WARN_STRICT_PROTOTYPES = YES;
				CLANG_WARN_SUSPICIOUS_MOVE = YES;
				CLANG_WARN_UNGUARDED_AVAILABILITY = YES_AGGRESSIVE;
				CLANG_WARN_UNREACHABLE_CODE = YES;
				CLANG_WARN__DUPLICATE_METHOD_MATCH = YES;
				COPY_PHASE_STRIP = NO;
				DEBUG_INFORMATION_FORMAT = "dwarf-with-dsym";
				ENABLE_NS_ASSERTIONS = NO;
				ENABLE_STRICT_OBJC_MSGSEND = YES;
				ENABLE_USER_SCRIPT_SANDBOXING = YES;
				GCC_C_LANGUAGE_STANDARD = gnu17;
				GCC_NO_COMMON_BLOCKS = YES;
				GCC_WARN_64_TO_32_BIT_CONVERSION = YES;
				GCC_WARN_ABOUT_RETURN_TYPE = YES_ERROR;
				GCC_WARN_UNDECLARED_SELECTOR = YES;
				GCC_WARN_UNINITIALIZED_AUTOS = YES_AGGRESSIVE;
				GCC_WARN_UNUSED_FUNCTION = YES;
				GCC_WARN_UNUSED_VARIABLE = YES;
				IPHONEOS_DEPLOYMENT_TARGET = 17.2;
				LOCALIZATION_PREFERS_STRING_CATALOGS = YES;
				MTL_ENABLE_DEBUG_INFO = NO;
				MTL_FAST_MATH = YES;
				SDKROOT = iphoneos;
				SWIFT_COMPILATION_MODE = wholemodule;
				VALIDATE_PRODUCT = YES;
			};
			name = Release;
		};
		252D4CC02BCF99EF002E0863 /* Debug */ = {
			isa = XCBuildConfiguration;
			buildSettings = {
				ASSETCATALOG_COMPILER_APPICON_NAME = AppIcon;
				ASSETCATALOG_COMPILER_GLOBAL_ACCENT_COLOR_NAME = AccentColor;
				CODE_SIGN_STYLE = Manual;
				CURRENT_PROJECT_VERSION = 1;
				DEVELOPMENT_TEAM = "";
				GENERATE_INFOPLIST_FILE = YES;
				INFOPLIST_FILE = EmployeeDatabase/Info.plist;
				INFOPLIST_KEY_UIApplicationSupportsIndirectInputEvents = YES;
				INFOPLIST_KEY_UILaunchStoryboardName = LaunchScreen;
				INFOPLIST_KEY_UIMainStoryboardFile = Main;
				INFOPLIST_KEY_UISupportedInterfaceOrientations = "UIInterfaceOrientationLandscapeLeft UIInterfaceOrientationLandscapeRight UIInterfaceOrientationPortrait UIInterfaceOrientationPortraitUpsideDown";
				IPHONEOS_DEPLOYMENT_TARGET = 14.0;
				LD_RUNPATH_SEARCH_PATHS = (
					"$(inherited)",
					"@executable_path/Frameworks",
				);
				MARKETING_VERSION = 1.0;
				PRODUCT_BUNDLE_IDENTIFIER = EmpDB.EmployeeDatabase;
				PRODUCT_NAME = "$(TARGET_NAME)";
				PROVISIONING_PROFILE_SPECIFIER = "";
				SWIFT_EMIT_LOC_STRINGS = YES;
				SWIFT_VERSION = 5.0;
				TARGETED_DEVICE_FAMILY = "1,2";
			};
			name = Debug;
		};
		252D4CC12BCF99EF002E0863 /* Release */ = {
			isa = XCBuildConfiguration;
			buildSettings = {
				ASSETCATALOG_COMPILER_APPICON_NAME = AppIcon;
				ASSETCATALOG_COMPILER_GLOBAL_ACCENT_COLOR_NAME = AccentColor;
				CODE_SIGN_STYLE = Manual;
				CURRENT_PROJECT_VERSION = 1;
				DEVELOPMENT_TEAM = "";
				GENERATE_INFOPLIST_FILE = YES;
				INFOPLIST_FILE = EmployeeDatabase/Info.plist;
				INFOPLIST_KEY_UIApplicationSupportsIndirectInputEvents = YES;
				INFOPLIST_KEY_UILaunchStoryboardName = LaunchScreen;
				INFOPLIST_KEY_UIMainStoryboardFile = Main;
				INFOPLIST_KEY_UISupportedInterfaceOrientations = "UIInterfaceOrientationLandscapeLeft UIInterfaceOrientationLandscapeRight UIInterfaceOrientationPortrait UIInterfaceOrientationPortraitUpsideDown";
				IPHONEOS_DEPLOYMENT_TARGET = 14.0;
				LD_RUNPATH_SEARCH_PATHS = (
					"$(inherited)",
					"@executable_path/Frameworks",
				);
				MARKETING_VERSION = 1.0;
				PRODUCT_BUNDLE_IDENTIFIER = EmpDB.EmployeeDatabase;
				PRODUCT_NAME = "$(TARGET_NAME)";
				PROVISIONING_PROFILE_SPECIFIER = "";
				SWIFT_EMIT_LOC_STRINGS = YES;
				SWIFT_VERSION = 5.0;
				TARGETED_DEVICE_FAMILY = "1,2";
			};
			name = Release;
		};
/* End XCBuildConfiguration section */

/* Begin XCConfigurationList section */
		252D4CA32BCF99ED002E0863 /* Build configuration list for PBXProject "EmployeeDatabase" */ = {
			isa = XCConfigurationList;
			buildConfigurations = (
				252D4CBD2BCF99EF002E0863 /* Debug */,
				252D4CBE2BCF99EF002E0863 /* Release */,
			);
			defaultConfigurationIsVisible = 0;
			defaultConfigurationName = Release;
		};
		252D4CBF2BCF99EF002E0863 /* Build configuration list for PBXNativeTarget "EmployeeDatabase" */ = {
			isa = XCConfigurationList;
			buildConfigurations = (
				252D4CC02BCF99EF002E0863 /* Debug */,
				252D4CC12BCF99EF002E0863 /* Release */,
			);
			defaultConfigurationIsVisible = 0;
			defaultConfigurationName = Release;
		};
/* End XCConfigurationList section */

/* Begin XCVersionGroup section */
		252D4CB42BCF99ED002E0863 /* EmployeeDatabase.xcdatamodeld */ = {
			isa = XCVersionGroup;
			children = (
				252D4CB52BCF99ED002E0863 /* EmployeeDatabase.xcdatamodel */,
			);
			currentVersion = 252D4CB52BCF99ED002E0863 /* EmployeeDatabase.xcdatamodel */;
			path = EmployeeDatabase.xcdatamodeld;
			sourceTree = "<group>";
			versionGroupType = wrapper.xcdatamodel;
		};
/* End XCVersionGroup section */
	};
	rootObject = 252D4CA02BCF99ED002E0863 /* Project object */;
}
